// !$*UTF8*$!
{
	archiveVersion = 1;
	classes = {
	};
	objectVersion = 60;
	objects = {

/* Begin PBXBuildFile section */
		7204F95F2B7E856900596881 /* README.md in Resources */ = {isa = PBXBuildFile; fileRef = 7204F95E2B7E856800596881 /* README.md */; };
		725DEA142B8F286D009E330D /* DeviceInfoViewModel.swift in Sources */ = {isa = PBXBuildFile; fileRef = 725DEA132B8F286D009E330D /* DeviceInfoViewModel.swift */; };
		725DEA162B8F3741009E330D /* DeviceInfoView.swift in Sources */ = {isa = PBXBuildFile; fileRef = 725DEA152B8F3741009E330D /* DeviceInfoView.swift */; };
		725DEA182B8F3B8A009E330D /* swifttoboard.swift in Sources */ = {isa = PBXBuildFile; fileRef = 725DEA172B8F3B8A009E330D /* swifttoboard.swift */; };
		728A8FC02B7DAD8D00E10802 /* AppDelegate.swift in Sources */ = {isa = PBXBuildFile; fileRef = 728A8FBF2B7DAD8D00E10802 /* AppDelegate.swift */; };
		728A8FC22B7DAD8D00E10802 /* ViewController.swift in Sources */ = {isa = PBXBuildFile; fileRef = 728A8FC12B7DAD8D00E10802 /* ViewController.swift */; };
		728A8FC42B7DAD8F00E10802 /* Assets.xcassets in Resources */ = {isa = PBXBuildFile; fileRef = 728A8FC32B7DAD8F00E10802 /* Assets.xcassets */; };
		728A8FC72B7DAD8F00E10802 /* Main.storyboard in Resources */ = {isa = PBXBuildFile; fileRef = 728A8FC52B7DAD8F00E10802 /* Main.storyboard */; };
		728A8FCF2B7DC08B00E10802 /* RuntimeData.swift in Sources */ = {isa = PBXBuildFile; fileRef = 728A8FCE2B7DC08B00E10802 /* RuntimeData.swift */; };
		728A8FD12B7DC0C200E10802 /* WindowController.swift in Sources */ = {isa = PBXBuildFile; fileRef = 728A8FD02B7DC0C200E10802 /* WindowController.swift */; };
/* End PBXBuildFile section */

/* Begin PBXFileReference section */
		7204F95E2B7E856800596881 /* README.md */ = {isa = PBXFileReference; fileEncoding = 4; lastKnownFileType = net.daringfireball.markdown; path = README.md; sourceTree = "<group>"; };
		725DEA132B8F286D009E330D /* DeviceInfoViewModel.swift */ = {isa = PBXFileReference; lastKnownFileType = sourcecode.swift; path = DeviceInfoViewModel.swift; sourceTree = "<group>"; };
		725DEA152B8F3741009E330D /* DeviceInfoView.swift */ = {isa = PBXFileReference; lastKnownFileType = sourcecode.swift; path = DeviceInfoView.swift; sourceTree = "<group>"; };
		725DEA172B8F3B8A009E330D /* swifttoboard.swift */ = {isa = PBXFileReference; lastKnownFileType = sourcecode.swift; path = swifttoboard.swift; sourceTree = "<group>"; };
		728A8FBC2B7DAD8D00E10802 /* Floating Camera.app */ = {isa = PBXFileReference; explicitFileType = wrapper.application; includeInIndex = 0; path = "Floating Camera.app"; sourceTree = BUILT_PRODUCTS_DIR; };
		728A8FBF2B7DAD8D00E10802 /* AppDelegate.swift */ = {isa = PBXFileReference; lastKnownFileType = sourcecode.swift; path = AppDelegate.swift; sourceTree = "<group>"; };
		728A8FC12B7DAD8D00E10802 /* ViewController.swift */ = {isa = PBXFileReference; lastKnownFileType = sourcecode.swift; path = ViewController.swift; sourceTree = "<group>"; };
		728A8FC32B7DAD8F00E10802 /* Assets.xcassets */ = {isa = PBXFileReference; lastKnownFileType = folder.assetcatalog; path = Assets.xcassets; sourceTree = "<group>"; };
		728A8FC62B7DAD8F00E10802 /* Base */ = {isa = PBXFileReference; lastKnownFileType = file.storyboard; name = Base; path = Base.lproj/Main.storyboard; sourceTree = "<group>"; };
		728A8FC82B7DAD8F00E10802 /* Floating_Camera.entitlements */ = {isa = PBXFileReference; lastKnownFileType = text.plist.entitlements; path = Floating_Camera.entitlements; sourceTree = "<group>"; };
		728A8FCE2B7DC08B00E10802 /* RuntimeData.swift */ = {isa = PBXFileReference; lastKnownFileType = sourcecode.swift; path = RuntimeData.swift; sourceTree = "<group>"; };
		728A8FD02B7DC0C200E10802 /* WindowController.swift */ = {isa = PBXFileReference; lastKnownFileType = sourcecode.swift; path = WindowController.swift; sourceTree = "<group>"; };
/* End PBXFileReference section */

/* Begin PBXFrameworksBuildPhase section */
		728A8FB92B7DAD8D00E10802 /* Frameworks */ = {
			isa = PBXFrameworksBuildPhase;
			buildActionMask = 2147483647;
			files = (
			);
			runOnlyForDeploymentPostprocessing = 0;
		};
/* End PBXFrameworksBuildPhase section */

/* Begin PBXGroup section */
		728A8FB32B7DAD8D00E10802 = {
			isa = PBXGroup;
			children = (
				728A8FBE2B7DAD8D00E10802 /* Floating Camera */,
				728A8FBD2B7DAD8D00E10802 /* Products */,
			);
			sourceTree = "<group>";
		};
		728A8FBD2B7DAD8D00E10802 /* Products */ = {
			isa = PBXGroup;
			children = (
				728A8FBC2B7DAD8D00E10802 /* Floating Camera.app */,
			);
			name = Products;
			sourceTree = "<group>";
		};
		728A8FBE2B7DAD8D00E10802 /* Floating Camera */ = {
			isa = PBXGroup;
			children = (
				728A8FBF2B7DAD8D00E10802 /* AppDelegate.swift */,
				728A8FCE2B7DC08B00E10802 /* RuntimeData.swift */,
				728A8FD02B7DC0C200E10802 /* WindowController.swift */,
				725DEA172B8F3B8A009E330D /* swifttoboard.swift */,
				728A8FC12B7DAD8D00E10802 /* ViewController.swift */,
				725DEA152B8F3741009E330D /* DeviceInfoView.swift */,
				725DEA132B8F286D009E330D /* DeviceInfoViewModel.swift */,
				728A8FC32B7DAD8F00E10802 /* Assets.xcassets */,
				728A8FC52B7DAD8F00E10802 /* Main.storyboard */,
				728A8FC82B7DAD8F00E10802 /* Floating_Camera.entitlements */,
				7204F95E2B7E856800596881 /* README.md */,
			);
			path = "Floating Camera";
			sourceTree = "<group>";
		};
/* End PBXGroup section */

/* Begin PBXNativeTarget section */
		728A8FBB2B7DAD8D00E10802 /* Floating Camera */ = {
			isa = PBXNativeTarget;
			buildConfigurationList = 728A8FCB2B7DAD8F00E10802 /* Build configuration list for PBXNativeTarget "Floating Camera" */;
			buildPhases = (
				728A8FB82B7DAD8D00E10802 /* Sources */,
				728A8FB92B7DAD8D00E10802 /* Frameworks */,
				728A8FBA2B7DAD8D00E10802 /* Resources */,
			);
			buildRules = (
			);
			dependencies = (
			);
			name = "Floating Camera";
			productName = "Floating Camera";
			productReference = 728A8FBC2B7DAD8D00E10802 /* Floating Camera.app */;
			productType = "com.apple.product-type.application";
		};
/* End PBXNativeTarget section */

/* Begin PBXProject section */
		728A8FB42B7DAD8D00E10802 /* Project object */ = {
			isa = PBXProject;
			attributes = {
				BuildIndependentTargetsInParallel = 1;
				LastSwiftUpdateCheck = 1520;
				LastUpgradeCheck = 1520;
				TargetAttributes = {
					728A8FBB2B7DAD8D00E10802 = {
						CreatedOnToolsVersion = 15.2;
					};
				};
			};
			buildConfigurationList = 728A8FB72B7DAD8D00E10802 /* Build configuration list for PBXProject "Floating Camera" */;
			compatibilityVersion = "Xcode 15.0";
			developmentRegion = en;
			hasScannedForEncodings = 0;
			knownRegions = (
				en,
				Base,
			);
			mainGroup = 728A8FB32B7DAD8D00E10802;
			productRefGroup = 728A8FBD2B7DAD8D00E10802 /* Products */;
			projectDirPath = "";
			projectRoot = "";
			targets = (
				728A8FBB2B7DAD8D00E10802 /* Floating Camera */,
			);
		};
/* End PBXProject section */

/* Begin PBXResourcesBuildPhase section */
		728A8FBA2B7DAD8D00E10802 /* Resources */ = {
			isa = PBXResourcesBuildPhase;
			buildActionMask = 2147483647;
			files = (
				7204F95F2B7E856900596881 /* README.md in Resources */,
				728A8FC42B7DAD8F00E10802 /* Assets.xcassets in Resources */,
				728A8FC72B7DAD8F00E10802 /* Main.storyboard in Resources */,
			);
			runOnlyForDeploymentPostprocessing = 0;
		};
/* End PBXResourcesBuildPhase section */

/* Begin PBXSourcesBuildPhase section */
		728A8FB82B7DAD8D00E10802 /* Sources */ = {
			isa = PBXSourcesBuildPhase;
			buildActionMask = 2147483647;
			files = (
				728A8FCF2B7DC08B00E10802 /* RuntimeData.swift in Sources */,
				728A8FD12B7DC0C200E10802 /* WindowController.swift in Sources */,
				725DEA162B8F3741009E330D /* DeviceInfoView.swift in Sources */,
				725DEA182B8F3B8A009E330D /* swifttoboard.swift in Sources */,
				728A8FC22B7DAD8D00E10802 /* ViewController.swift in Sources */,
				728A8FC02B7DAD8D00E10802 /* AppDelegate.swift in Sources */,
				725DEA142B8F286D009E330D /* DeviceInfoViewModel.swift in Sources */,
			);
			runOnlyForDeploymentPostprocessing = 0;
		};
/* End PBXSourcesBuildPhase section */

/* Begin PBXVariantGroup section */
		728A8FC52B7DAD8F00E10802 /* Main.storyboard */ = {
			isa = PBXVariantGroup;
			children = (
				728A8FC62B7DAD8F00E10802 /* Base */,
			);
			name = Main.storyboard;
			sourceTree = "<group>";
		};
/* End PBXVariantGroup section */

/* Begin XCBuildConfiguration section */
		728A8FC92B7DAD8F00E10802 /* Debug */ = {
			isa = XCBuildConfiguration;
			buildSettings = {
				ALWAYS_SEARCH_USER_PATHS = NO;
				ASSETCATALOG_COMPILER_GENERATE_SWIFT_ASSET_SYMBOL_EXTENSIONS = YES;
				CLANG_ANALYZER_NONNULL = YES;
				CLANG_ANALYZER_NUMBER_OBJECT_CONVERSION = YES_AGGRESSIVE;
				CLANG_CXX_LANGUAGE_STANDARD = "gnu++20";
				CLANG_ENABLE_MODULES = NO;
				CLANG_ENABLE_OBJC_ARC = YES;
				CLANG_ENABLE_OBJC_WEAK = YES;
				CLANG_WARN_BLOCK_CAPTURE_AUTORELEASING = YES;
				CLANG_WARN_BOOL_CONVERSION = YES;
				CLANG_WARN_COMMA = YES;
				CLANG_WARN_CONSTANT_CONVERSION = YES;
				CLANG_WARN_DEPRECATED_OBJC_IMPLEMENTATIONS = YES;
				CLANG_WARN_DIRECT_OBJC_ISA_USAGE = YES_ERROR;
				CLANG_WARN_DOCUMENTATION_COMMENTS = YES;
				CLANG_WARN_EMPTY_BODY = YES;
				CLANG_WARN_ENUM_CONVERSION = YES;
				CLANG_WARN_INFINITE_RECURSION = YES;
				CLANG_WARN_INT_CONVERSION = YES;
				CLANG_WARN_NON_LITERAL_NULL_CONVERSION = YES;
				CLANG_WARN_OBJC_IMPLICIT_RETAIN_SELF = YES;
				CLANG_WARN_OBJC_LITERAL_CONVERSION = YES;
				CLANG_WARN_OBJC_ROOT_CLASS = YES_ERROR;
				CLANG_WARN_QUOTED_INCLUDE_IN_FRAMEWORK_HEADER = YES;
				CLANG_WARN_RANGE_LOOP_ANALYSIS = YES;
				CLANG_WARN_STRICT_PROTOTYPES = YES;
				CLANG_WARN_SUSPICIOUS_MOVE = YES;
				CLANG_WARN_UNGUARDED_AVAILABILITY = YES_AGGRESSIVE;
				CLANG_WARN_UNREACHABLE_CODE = YES;
				CLANG_WARN__DUPLICATE_METHOD_MATCH = YES;
				COPY_PHASE_STRIP = NO;
				DEBUG_INFORMATION_FORMAT = dwarf;
				ENABLE_STRICT_OBJC_MSGSEND = YES;
				ENABLE_TESTABILITY = YES;
				ENABLE_USER_SCRIPT_SANDBOXING = YES;
				GCC_C_LANGUAGE_STANDARD = "compiler-default";
				GCC_DYNAMIC_NO_PIC = NO;
				GCC_NO_COMMON_BLOCKS = YES;
				GCC_OPTIMIZATION_LEVEL = s;
				GCC_WARN_64_TO_32_BIT_CONVERSION = YES;
				GCC_WARN_ABOUT_RETURN_TYPE = YES_ERROR;
				GCC_WARN_UNDECLARED_SELECTOR = YES;
				GCC_WARN_UNINITIALIZED_AUTOS = YES_AGGRESSIVE;
				GCC_WARN_UNUSED_FUNCTION = YES;
				GCC_WARN_UNUSED_VARIABLE = YES;
				LOCALIZATION_PREFERS_STRING_CATALOGS = YES;
				MACOSX_DEPLOYMENT_TARGET = 12.4;
				MTL_ENABLE_DEBUG_INFO = INCLUDE_SOURCE;
				MTL_FAST_MATH = YES;
				ONLY_ACTIVE_ARCH = YES;
				SDKROOT = macosx;
				SWIFT_ACTIVE_COMPILATION_CONDITIONS = "DEBUG $(inherited)";
				SWIFT_OPTIMIZATION_LEVEL = "-Onone";
				SWIFT_VERSION = 5.0;
			};
			name = Debug;
		};
		728A8FCA2B7DAD8F00E10802 /* Release */ = {
			isa = XCBuildConfiguration;
			buildSettings = {
				ALWAYS_SEARCH_USER_PATHS = NO;
				ASSETCATALOG_COMPILER_GENERATE_SWIFT_ASSET_SYMBOL_EXTENSIONS = YES;
				CLANG_ANALYZER_NONNULL = YES;
				CLANG_ANALYZER_NUMBER_OBJECT_CONVERSION = YES_AGGRESSIVE;
				CLANG_CXX_LANGUAGE_STANDARD = "gnu++20";
				CLANG_ENABLE_MODULES = NO;
				CLANG_ENABLE_OBJC_ARC = YES;
				CLANG_ENABLE_OBJC_WEAK = YES;
				CLANG_WARN_BLOCK_CAPTURE_AUTORELEASING = YES;
				CLANG_WARN_BOOL_CONVERSION = YES;
				CLANG_WARN_COMMA = YES;
				CLANG_WARN_CONSTANT_CONVERSION = YES;
				CLANG_WARN_DEPRECATED_OBJC_IMPLEMENTATIONS = YES;
				CLANG_WARN_DIRECT_OBJC_ISA_USAGE = YES_ERROR;
				CLANG_WARN_DOCUMENTATION_COMMENTS = YES;
				CLANG_WARN_EMPTY_BODY = YES;
				CLANG_WARN_ENUM_CONVERSION = YES;
				CLANG_WARN_INFINITE_RECURSION = YES;
				CLANG_WARN_INT_CONVERSION = YES;
				CLANG_WARN_NON_LITERAL_NULL_CONVERSION = YES;
				CLANG_WARN_OBJC_IMPLICIT_RETAIN_SELF = YES;
				CLANG_WARN_OBJC_LITERAL_CONVERSION = YES;
				CLANG_WARN_OBJC_ROOT_CLASS = YES_ERROR;
				CLANG_WARN_QUOTED_INCLUDE_IN_FRAMEWORK_HEADER = YES;
				CLANG_WARN_RANGE_LOOP_ANALYSIS = YES;
				CLANG_WARN_STRICT_PROTOTYPES = YES;
				CLANG_WARN_SUSPICIOUS_MOVE = YES;
				CLANG_WARN_UNGUARDED_AVAILABILITY = YES_AGGRESSIVE;
				CLANG_WARN_UNREACHABLE_CODE = YES;
				CLANG_WARN__DUPLICATE_METHOD_MATCH = YES;
				COPY_PHASE_STRIP = NO;
				DEBUG_INFORMATION_FORMAT = "dwarf-with-dsym";
				ENABLE_NS_ASSERTIONS = NO;
				ENABLE_STRICT_OBJC_MSGSEND = YES;
				ENABLE_USER_SCRIPT_SANDBOXING = YES;
				GCC_C_LANGUAGE_STANDARD = "compiler-default";
				GCC_NO_COMMON_BLOCKS = YES;
				GCC_OPTIMIZATION_LEVEL = s;
				GCC_WARN_64_TO_32_BIT_CONVERSION = YES;
				GCC_WARN_ABOUT_RETURN_TYPE = YES_ERROR;
				GCC_WARN_UNDECLARED_SELECTOR = YES;
				GCC_WARN_UNINITIALIZED_AUTOS = YES_AGGRESSIVE;
				GCC_WARN_UNUSED_FUNCTION = YES;
				GCC_WARN_UNUSED_VARIABLE = YES;
				LOCALIZATION_PREFERS_STRING_CATALOGS = YES;
				MACOSX_DEPLOYMENT_TARGET = 12.4;
				MTL_ENABLE_DEBUG_INFO = NO;
				MTL_FAST_MATH = YES;
				SDKROOT = macosx;
				SWIFT_COMPILATION_MODE = wholemodule;
				SWIFT_VERSION = 5.0;
			};
			name = Release;
		};
		728A8FCC2B7DAD8F00E10802 /* Debug */ = {
			isa = XCBuildConfiguration;
			buildSettings = {
				ASSETCATALOG_COMPILER_APPICON_NAME = AppIcon;
				ASSETCATALOG_COMPILER_GLOBAL_ACCENT_COLOR_NAME = AccentColor;
				ASSETCATALOG_COMPILER_INCLUDE_ALL_APPICON_ASSETS = NO;
				CODE_SIGN_ENTITLEMENTS = "Floating Camera/Floating_Camera.entitlements";
				CODE_SIGN_STYLE = Automatic;
				COMBINE_HIDPI_IMAGES = YES;
				CURRENT_PROJECT_VERSION = 1;
				DEVELOPMENT_TEAM = 46WUYUUA8V;
				ENABLE_HARDENED_RUNTIME = YES;
				GENERATE_INFOPLIST_FILE = YES;
				INFOPLIST_KEY_LSApplicationCategoryType = "public.app-category.video";
				INFOPLIST_KEY_NSCameraUsageDescription = "The app main function is to provide a live feed from integrated Isight or connected camera, and thus requires camera usage authorization";
				INFOPLIST_KEY_NSHumanReadableCopyright = "2024 © Quet Almahdi Morris";
				INFOPLIST_KEY_NSMainStoryboardFile = Main;
				INFOPLIST_KEY_NSPrincipalClass = NSApplication;
				LD_RUNPATH_SEARCH_PATHS = (
					"$(inherited)",
					"@executable_path/../Frameworks",
				);
				MACOSX_DEPLOYMENT_TARGET = 12.4;
				MARKETING_VERSION = 1.mar17;
				PRODUCT_BUNDLE_IDENTIFIER = "com.oil3.Floating-Camera";
				PRODUCT_NAME = "$(TARGET_NAME)";
				SUPPORTED_PLATFORMS = macosx;
				SUPPORTS_MACCATALYST = NO;
				SWIFT_EMIT_LOC_STRINGS = YES;
				SWIFT_VERSION = 5.0;
			};
			name = Debug;
		};
		728A8FCD2B7DAD8F00E10802 /* Release */ = {
			isa = XCBuildConfiguration;
			buildSettings = {
				ASSETCATALOG_COMPILER_APPICON_NAME = AppIcon;
				ASSETCATALOG_COMPILER_GLOBAL_ACCENT_COLOR_NAME = AccentColor;
				ASSETCATALOG_COMPILER_INCLUDE_ALL_APPICON_ASSETS = NO;
				CODE_SIGN_ENTITLEMENTS = "Floating Camera/Floating_Camera.entitlements";
				CODE_SIGN_STYLE = Automatic;
				COMBINE_HIDPI_IMAGES = YES;
				CURRENT_PROJECT_VERSION = 1;
				DEVELOPMENT_TEAM = 46WUYUUA8V;
				ENABLE_HARDENED_RUNTIME = YES;
				GENERATE_INFOPLIST_FILE = YES;
				INFOPLIST_KEY_LSApplicationCategoryType = "public.app-category.video";
				INFOPLIST_KEY_NSCameraUsageDescription = "The app main function is to provide a live feed from integrated Isight or connected camera, and thus requires camera usage authorization";
				INFOPLIST_KEY_NSHumanReadableCopyright = "2024 © Quet Almahdi Morris";
				INFOPLIST_KEY_NSMainStoryboardFile = Main;
				INFOPLIST_KEY_NSPrincipalClass = NSApplication;
				LD_RUNPATH_SEARCH_PATHS = (
					"$(inherited)",
					"@executable_path/../Frameworks",
				);
				MACOSX_DEPLOYMENT_TARGET = 12.4;
				MARKETING_VERSION = 1.mar17;
				PRODUCT_BUNDLE_IDENTIFIER = "com.oil3.Floating-Camera";
				PRODUCT_NAME = "$(TARGET_NAME)";
				SUPPORTED_PLATFORMS = macosx;
				SUPPORTS_MACCATALYST = NO;
				SWIFT_EMIT_LOC_STRINGS = YES;
				SWIFT_VERSION = 5.0;
			};
			name = Release;
		};
/* End XCBuildConfiguration section */

/* Begin XCConfigurationList section */
		728A8FB72B7DAD8D00E10802 /* Build configuration list for PBXProject "Floating Camera" */ = {
			isa = XCConfigurationList;
			buildConfigurations = (
				728A8FC92B7DAD8F00E10802 /* Debug */,
				728A8FCA2B7DAD8F00E10802 /* Release */,
			);
			defaultConfigurationIsVisible = 0;
			defaultConfigurationName = Release;
		};
		728A8FCB2B7DAD8F00E10802 /* Build configuration list for PBXNativeTarget "Floating Camera" */ = {
			isa = XCConfigurationList;
			buildConfigurations = (
				728A8FCC2B7DAD8F00E10802 /* Debug */,
				728A8FCD2B7DAD8F00E10802 /* Release */,
			);
			defaultConfigurationIsVisible = 0;
			defaultConfigurationName = Release;
		};
/* End XCConfigurationList section */
	};
	rootObject = 728A8FB42B7DAD8D00E10802 /* Project object */;
}
