// !$*UTF8*$!
{
	archiveVersion = 1;
	classes = {
	};
	objectVersion = 60;
	objects = {

/* Begin PBXBuildFile section */
		34089B372C02881B006130E1 /* CamMLApp.swift in Sources */ = {isa = PBXBuildFile; fileRef = 34089B362C02881B006130E1 /* CamMLApp.swift */; };
		34089B392C02881B006130E1 /* ContentView.swift in Sources */ = {isa = PBXBuildFile; fileRef = 34089B382C02881B006130E1 /* ContentView.swift */; };
		34089B3B2C02881C006130E1 /* Assets.xcassets in Resources */ = {isa = PBXBuildFile; fileRef = 34089B3A2C02881C006130E1 /* Assets.xcassets */; };
		34089B3F2C02881C006130E1 /* Preview Assets.xcassets in Resources */ = {isa = PBXBuildFile; fileRef = 34089B3E2C02881C006130E1 /* Preview Assets.xcassets */; };
		34089B442C028891006130E1 /* CameraView.swift in Sources */ = {isa = PBXBuildFile; fileRef = 34089B432C028891006130E1 /* CameraView.swift */; };
		34089B462C02889A006130E1 /* CameraViewController.swift in Sources */ = {isa = PBXBuildFile; fileRef = 34089B452C02889A006130E1 /* CameraViewController.swift */; };
		34089B482C0288A0006130E1 /* CameraSettings.swift in Sources */ = {isa = PBXBuildFile; fileRef = 34089B472C0288A0006130E1 /* CameraSettings.swift */; };
		34089B4A2C0288A8006130E1 /* CameraController.swift in Sources */ = {isa = PBXBuildFile; fileRef = 34089B492C0288A8006130E1 /* CameraController.swift */; };
		34336FBE2C09749700BE57C4 /* BoundingBoxView.swift in Sources */ = {isa = PBXBuildFile; fileRef = 34A99DA52BFB3A2D004685AC /* BoundingBoxView.swift */; };
		34336FC22C099AB200BE57C4 /* ViewLogs.swift in Sources */ = {isa = PBXBuildFile; fileRef = 34336FC12C099AB200BE57C4 /* ViewLogs.swift */; };
		34336FC42C099AEC00BE57C4 /* SettingsView.swift in Sources */ = {isa = PBXBuildFile; fileRef = 34336FC32C099AEC00BE57C4 /* SettingsView.swift */; };
		34336FC62C099AF900BE57C4 /* CoreMLView.swift in Sources */ = {isa = PBXBuildFile; fileRef = 34336FC52C099AF900BE57C4 /* CoreMLView.swift */; };
		34336FC82C099B5300BE57C4 /* SideBar.swift in Sources */ = {isa = PBXBuildFile; fileRef = 34336FC72C099B5300BE57C4 /* SideBar.swift */; };
		34336FCA2C09A30E00BE57C4 /* MetalVideoProcessor.swift in Sources */ = {isa = PBXBuildFile; fileRef = 34336FC92C09A30E00BE57C4 /* MetalVideoProcessor.swift */; };
		34336FCB2C09A37600BE57C4 /* VideoViewController.swift in Sources */ = {isa = PBXBuildFile; fileRef = 34CECC5C2BE877CA00DEA626 /* VideoViewController.swift */; };
		34336FCC2C09A37900BE57C4 /* VideoView.swift in Sources */ = {isa = PBXBuildFile; fileRef = 34CECC5E2BE87A9B00DEA626 /* VideoView.swift */; };
		34336FCE2C09A54000BE57C4 /* sampleVideo.mp4 in Resources */ = {isa = PBXBuildFile; fileRef = 34336FCD2C09A54000BE57C4 /* sampleVideo.mp4 */; };
		3446FDE52BF3CF050091B1F9 /* Assets.xcassets in Resources */ = {isa = PBXBuildFile; fileRef = 3446FDD52BF3CF050091B1F9 /* Assets.xcassets */; };
		3446FDE72BF3CF050091B1F9 /* Info.plist in Resources */ = {isa = PBXBuildFile; fileRef = 3446FDD72BF3CF050091B1F9 /* Info.plist */; };
		3454B9142C0C18EE00EB941F /* VideoPreviewView.swift in Sources */ = {isa = PBXBuildFile; fileRef = 3454B9132C0C18EE00EB941F /* VideoPreviewView.swift */; };
		346863902C0AC5B7005BC7D0 /* VideoViewControllerWrapper.swift in Sources */ = {isa = PBXBuildFile; fileRef = 3468638F2C0AC5B7005BC7D0 /* VideoViewControllerWrapper.swift */; };
		34A99DA22BFB379A004685AC /* YOLOv3TinyInt8LUT.mlmodel in Sources */ = {isa = PBXBuildFile; fileRef = 34A99DA12BFB379A004685AC /* YOLOv3TinyInt8LUT.mlmodel */; };
		34A99DA42BFB3931004685AC /* yolov8x2AAA.mlpackage in Sources */ = {isa = PBXBuildFile; fileRef = 34A99DA32BFB3931004685AC /* yolov8x2AAA.mlpackage */; };
		34A99DA82BFB4558004685AC /* detFX.m4a in Resources */ = {isa = PBXBuildFile; fileRef = 34A99DA72BFB4557004685AC /* detFX.m4a */; };
		34B4498C2C0A5060006AE3F2 /* SyntaxHighlightingTextView.swift in Sources */ = {isa = PBXBuildFile; fileRef = 34B4498B2C0A5060006AE3F2 /* SyntaxHighlightingTextView.swift */; };
		34B4498E2C0A5079006AE3F2 /* LogView.swift in Sources */ = {isa = PBXBuildFile; fileRef = 34B4498D2C0A5079006AE3F2 /* LogView.swift */; };
		34B449942C0AB8C8006AE3F2 /* MediaFile.swift in Sources */ = {isa = PBXBuildFile; fileRef = 34B449932C0AB8C8006AE3F2 /* MediaFile.swift */; };
		34B449962C0AB8F5006AE3F2 /* GalleryViewModel.swift in Sources */ = {isa = PBXBuildFile; fileRef = 34B449952C0AB8F5006AE3F2 /* GalleryViewModel.swift */; };
		34B449982C0AB903006AE3F2 /* GalleryView.swift in Sources */ = {isa = PBXBuildFile; fileRef = 34B449972C0AB903006AE3F2 /* GalleryView.swift */; };
		34B631432C8BE7EC00434339 /* yolov8.mlmodelc in Resources */ = {isa = PBXBuildFile; fileRef = 34B631422C8BE7EC00434339 /* yolov8.mlmodelc */; };
		34B631452C8C022100434339 /* yolov5s.mlmodel in Sources */ = {isa = PBXBuildFile; fileRef = 34B631442C8C022100434339 /* yolov5s.mlmodel */; };
		34C437EF2BDA59F800DCC725 /* CameraView.swift in Sources */ = {isa = PBXBuildFile; fileRef = 34C437EE2BDA59F800DCC725 /* CameraView.swift */; };
		34C437F12BDA5A4B00DCC725 /* CameraViewController.swift in Sources */ = {isa = PBXBuildFile; fileRef = 34C437F02BDA5A4B00DCC725 /* CameraViewController.swift */; };
		34E4C0622C0BE757007D3A05 /* ImageViewer.swift in Sources */ = {isa = PBXBuildFile; fileRef = 34E4C0612C0BE757007D3A05 /* ImageViewer.swift */; };
		34E4C0642C0BE78E007D3A05 /* AnnotatedImage.swift in Sources */ = {isa = PBXBuildFile; fileRef = 34E4C0632C0BE78E007D3A05 /* AnnotatedImage.swift */; };
		34E631772BDA537E00BFA742 /* Machine_Security_SystemApp.swift in Sources */ = {isa = PBXBuildFile; fileRef = 34E631762BDA537E00BFA742 /* Machine_Security_SystemApp.swift */; };
		34E631792BDA537E00BFA742 /* ContentView.swift in Sources */ = {isa = PBXBuildFile; fileRef = 34E631782BDA537E00BFA742 /* ContentView.swift */; };
		34E6317B2BDA537F00BFA742 /* Assets.xcassets in Resources */ = {isa = PBXBuildFile; fileRef = 34E6317A2BDA537F00BFA742 /* Assets.xcassets */; };
		34E6317F2BDA537F00BFA742 /* Preview Assets.xcassets in Resources */ = {isa = PBXBuildFile; fileRef = 34E6317E2BDA537F00BFA742 /* Preview Assets.xcassets */; };
		34FCF5542C782443001C38EC /* FloatingControler.swift in Sources */ = {isa = PBXBuildFile; fileRef = 34DAC9972C4380A900DAEFE3 /* FloatingControler.swift */; };
		34FEE0BF2C857F0000567786 /* DeviceSettingsView.swift in Sources */ = {isa = PBXBuildFile; fileRef = 726F34C92BB141900038B68B /* DeviceSettingsView.swift */; };
		34FEE0C12C857FF400567786 /* FiltersViewAdjustmntsView.swift in Sources */ = {isa = PBXBuildFile; fileRef = 34FEE0C02C857FF400567786 /* FiltersViewAdjustmntsView.swift */; };
		34FEE0C22C85886500567786 /* RuntimeData.swift in Sources */ = {isa = PBXBuildFile; fileRef = 728A8FCE2B7DC08B00E10802 /* RuntimeData.swift */; };
		34FEE0C32C8589FD00567786 /* ViewController.swift in Sources */ = {isa = PBXBuildFile; fileRef = 728A8FC12B7DAD8D00E10802 /* ViewController.swift */; };
		7204F95F2B7E856900596881 /* README.md in Resources */ = {isa = PBXBuildFile; fileRef = 7204F95E2B7E856800596881 /* README.md */; };
		725DEA142B8F286D009E330D /* DeviceInfoViewModel.swift in Sources */ = {isa = PBXBuildFile; fileRef = 725DEA132B8F286D009E330D /* DeviceInfoViewModel.swift */; };
		725DEA162B8F3741009E330D /* DeviceInfoView.swift in Sources */ = {isa = PBXBuildFile; fileRef = 725DEA152B8F3741009E330D /* DeviceInfoView.swift */; };
		728A8FC02B7DAD8D00E10802 /* AppDelegate.swift in Sources */ = {isa = PBXBuildFile; fileRef = 728A8FBF2B7DAD8D00E10802 /* AppDelegate.swift */; };
		728A8FC42B7DAD8F00E10802 /* Assets.xcassets in Resources */ = {isa = PBXBuildFile; fileRef = 728A8FC32B7DAD8F00E10802 /* Assets.xcassets */; };
/* End PBXBuildFile section */

/* Begin PBXFileReference section */
		34089B342C02881B006130E1 /* CamML.app */ = {isa = PBXFileReference; explicitFileType = wrapper.application; includeInIndex = 0; path = CamML.app; sourceTree = BUILT_PRODUCTS_DIR; };
		34089B362C02881B006130E1 /* CamMLApp.swift */ = {isa = PBXFileReference; lastKnownFileType = sourcecode.swift; path = CamMLApp.swift; sourceTree = "<group>"; };
		34089B382C02881B006130E1 /* ContentView.swift */ = {isa = PBXFileReference; lastKnownFileType = sourcecode.swift; path = ContentView.swift; sourceTree = "<group>"; };
		34089B3A2C02881C006130E1 /* Assets.xcassets */ = {isa = PBXFileReference; lastKnownFileType = folder.assetcatalog; path = Assets.xcassets; sourceTree = "<group>"; };
		34089B3C2C02881C006130E1 /* CamML.entitlements */ = {isa = PBXFileReference; lastKnownFileType = text.plist.entitlements; path = CamML.entitlements; sourceTree = "<group>"; };
		34089B3E2C02881C006130E1 /* Preview Assets.xcassets */ = {isa = PBXFileReference; lastKnownFileType = folder.assetcatalog; path = "Preview Assets.xcassets"; sourceTree = "<group>"; };
		34089B432C028891006130E1 /* CameraView.swift */ = {isa = PBXFileReference; lastKnownFileType = sourcecode.swift; path = CameraView.swift; sourceTree = "<group>"; };
		34089B452C02889A006130E1 /* CameraViewController.swift */ = {isa = PBXFileReference; lastKnownFileType = sourcecode.swift; path = CameraViewController.swift; sourceTree = "<group>"; };
		34089B472C0288A0006130E1 /* CameraSettings.swift */ = {isa = PBXFileReference; lastKnownFileType = sourcecode.swift; path = CameraSettings.swift; sourceTree = "<group>"; };
		34089B492C0288A8006130E1 /* CameraController.swift */ = {isa = PBXFileReference; lastKnownFileType = sourcecode.swift; path = CameraController.swift; sourceTree = "<group>"; };
		34336FC12C099AB200BE57C4 /* ViewLogs.swift */ = {isa = PBXFileReference; lastKnownFileType = sourcecode.swift; path = ViewLogs.swift; sourceTree = "<group>"; };
		34336FC32C099AEC00BE57C4 /* SettingsView.swift */ = {isa = PBXFileReference; lastKnownFileType = sourcecode.swift; path = SettingsView.swift; sourceTree = "<group>"; };
		34336FC52C099AF900BE57C4 /* CoreMLView.swift */ = {isa = PBXFileReference; lastKnownFileType = sourcecode.swift; path = CoreMLView.swift; sourceTree = "<group>"; };
		34336FC72C099B5300BE57C4 /* SideBar.swift */ = {isa = PBXFileReference; lastKnownFileType = sourcecode.swift; path = SideBar.swift; sourceTree = "<group>"; };
		34336FC92C09A30E00BE57C4 /* MetalVideoProcessor.swift */ = {isa = PBXFileReference; lastKnownFileType = sourcecode.swift; name = MetalVideoProcessor.swift; path = "Machine Security System/MetalVideoProcessor.swift"; sourceTree = SOURCE_ROOT; };
		34336FCD2C09A54000BE57C4 /* sampleVideo.mp4 */ = {isa = PBXFileReference; lastKnownFileType = file; path = sampleVideo.mp4; sourceTree = "<group>"; };
		3446FDD52BF3CF050091B1F9 /* Assets.xcassets */ = {isa = PBXFileReference; lastKnownFileType = folder.assetcatalog; path = Assets.xcassets; sourceTree = "<group>"; };
		3446FDD72BF3CF050091B1F9 /* Info.plist */ = {isa = PBXFileReference; fileEncoding = 4; lastKnownFileType = text.plist.xml; path = Info.plist; sourceTree = "<group>"; };
		3446FDD82BF3CF050091B1F9 /* Base */ = {isa = PBXFileReference; lastKnownFileType = file.storyboard; name = Base; path = Base.lproj/LaunchScreen.storyboard; sourceTree = "<group>"; };
		3446FDDA2BF3CF050091B1F9 /* Base */ = {isa = PBXFileReference; lastKnownFileType = file.storyboard; name = Base; path = Base.lproj/Main.storyboard; sourceTree = "<group>"; };
		3446FDDC2BF3CF050091B1F9 /* MLModelCamera.entitlements */ = {isa = PBXFileReference; fileEncoding = 4; lastKnownFileType = text.plist.entitlements; path = MLModelCamera.entitlements; sourceTree = "<group>"; };
		3446FDDD2BF3CF050091B1F9 /* ModelDescriptionViewController.swift */ = {isa = PBXFileReference; fileEncoding = 4; lastKnownFileType = sourcecode.swift; path = ModelDescriptionViewController.swift; sourceTree = "<group>"; };
		3446FDDE2BF3CF050091B1F9 /* ViewController.swift */ = {isa = PBXFileReference; fileEncoding = 4; lastKnownFileType = sourcecode.swift; path = ViewController.swift; sourceTree = "<group>"; };
		3446FDE02BF3CF050091B1F9 /* AVCaptureDevice+Extension.swift */ = {isa = PBXFileReference; fileEncoding = 4; lastKnownFileType = sourcecode.swift; path = "AVCaptureDevice+Extension.swift"; sourceTree = "<group>"; };
		3446FDE12BF3CF050091B1F9 /* VideoCameraType.swift */ = {isa = PBXFileReference; fileEncoding = 4; lastKnownFileType = sourcecode.swift; path = VideoCameraType.swift; sourceTree = "<group>"; };
		3446FDE22BF3CF050091B1F9 /* VideoCapture.swift */ = {isa = PBXFileReference; fileEncoding = 4; lastKnownFileType = sourcecode.swift; path = VideoCapture.swift; sourceTree = "<group>"; };
		3454B9132C0C18EE00EB941F /* VideoPreviewView.swift */ = {isa = PBXFileReference; lastKnownFileType = sourcecode.swift; path = VideoPreviewView.swift; sourceTree = "<group>"; };
		3468638F2C0AC5B7005BC7D0 /* VideoViewControllerWrapper.swift */ = {isa = PBXFileReference; lastKnownFileType = sourcecode.swift; path = VideoViewControllerWrapper.swift; sourceTree = "<group>"; };
		34A99DA12BFB379A004685AC /* YOLOv3TinyInt8LUT.mlmodel */ = {isa = PBXFileReference; lastKnownFileType = file.mlmodel; path = YOLOv3TinyInt8LUT.mlmodel; sourceTree = "<group>"; };
		34A99DA32BFB3931004685AC /* yolov8x2AAA.mlpackage */ = {isa = PBXFileReference; lastKnownFileType = folder.mlpackage; path = yolov8x2AAA.mlpackage; sourceTree = "<group>"; };
		34A99DA52BFB3A2D004685AC /* BoundingBoxView.swift */ = {isa = PBXFileReference; fileEncoding = 4; lastKnownFileType = sourcecode.swift; path = BoundingBoxView.swift; sourceTree = "<group>"; };
		34A99DA72BFB4557004685AC /* detFX.m4a */ = {isa = PBXFileReference; lastKnownFileType = file; path = detFX.m4a; sourceTree = "<group>"; };
		34B4498B2C0A5060006AE3F2 /* SyntaxHighlightingTextView.swift */ = {isa = PBXFileReference; lastKnownFileType = sourcecode.swift; path = SyntaxHighlightingTextView.swift; sourceTree = "<group>"; };
		34B4498D2C0A5079006AE3F2 /* LogView.swift */ = {isa = PBXFileReference; lastKnownFileType = sourcecode.swift; path = LogView.swift; sourceTree = "<group>"; };
		34B449932C0AB8C8006AE3F2 /* MediaFile.swift */ = {isa = PBXFileReference; lastKnownFileType = sourcecode.swift; path = MediaFile.swift; sourceTree = "<group>"; };
		34B449952C0AB8F5006AE3F2 /* GalleryViewModel.swift */ = {isa = PBXFileReference; lastKnownFileType = sourcecode.swift; path = GalleryViewModel.swift; sourceTree = "<group>"; };
		34B449972C0AB903006AE3F2 /* GalleryView.swift */ = {isa = PBXFileReference; lastKnownFileType = sourcecode.swift; path = GalleryView.swift; sourceTree = "<group>"; };
		34B631422C8BE7EC00434339 /* yolov8.mlmodelc */ = {isa = PBXFileReference; lastKnownFileType = wrapper; path = yolov8.mlmodelc; sourceTree = "<group>"; };
		34B631442C8C022100434339 /* yolov5s.mlmodel */ = {isa = PBXFileReference; lastKnownFileType = file.mlmodel; path = yolov5s.mlmodel; sourceTree = "<group>"; };
		34C437EE2BDA59F800DCC725 /* CameraView.swift */ = {isa = PBXFileReference; lastKnownFileType = sourcecode.swift; path = CameraView.swift; sourceTree = "<group>"; };
		34C437F02BDA5A4B00DCC725 /* CameraViewController.swift */ = {isa = PBXFileReference; lastKnownFileType = sourcecode.swift; path = CameraViewController.swift; sourceTree = "<group>"; };
		34CECC5C2BE877CA00DEA626 /* VideoViewController.swift */ = {isa = PBXFileReference; lastKnownFileType = sourcecode.swift; path = VideoViewController.swift; sourceTree = "<group>"; };
		34CECC5E2BE87A9B00DEA626 /* VideoView.swift */ = {isa = PBXFileReference; lastKnownFileType = sourcecode.swift; path = VideoView.swift; sourceTree = "<group>"; };
		34DAC9972C4380A900DAEFE3 /* FloatingControler.swift */ = {isa = PBXFileReference; lastKnownFileType = sourcecode.swift; path = FloatingControler.swift; sourceTree = "<group>"; };
		34E4C0612C0BE757007D3A05 /* ImageViewer.swift */ = {isa = PBXFileReference; lastKnownFileType = sourcecode.swift; path = ImageViewer.swift; sourceTree = "<group>"; };
		34E4C0632C0BE78E007D3A05 /* AnnotatedImage.swift */ = {isa = PBXFileReference; lastKnownFileType = sourcecode.swift; path = AnnotatedImage.swift; sourceTree = "<group>"; };
		34E631742BDA537E00BFA742 /* Machine Security System.app */ = {isa = PBXFileReference; explicitFileType = wrapper.application; includeInIndex = 0; path = "Machine Security System.app"; sourceTree = BUILT_PRODUCTS_DIR; };
		34E631762BDA537E00BFA742 /* Machine_Security_SystemApp.swift */ = {isa = PBXFileReference; lastKnownFileType = sourcecode.swift; path = Machine_Security_SystemApp.swift; sourceTree = "<group>"; };
		34E631782BDA537E00BFA742 /* ContentView.swift */ = {isa = PBXFileReference; lastKnownFileType = sourcecode.swift; path = ContentView.swift; sourceTree = "<group>"; };
		34E6317A2BDA537F00BFA742 /* Assets.xcassets */ = {isa = PBXFileReference; lastKnownFileType = folder.assetcatalog; path = Assets.xcassets; sourceTree = "<group>"; };
		34E6317C2BDA537F00BFA742 /* Machine_Security_System.entitlements */ = {isa = PBXFileReference; lastKnownFileType = text.plist.entitlements; path = Machine_Security_System.entitlements; sourceTree = "<group>"; };
		34E6317E2BDA537F00BFA742 /* Preview Assets.xcassets */ = {isa = PBXFileReference; lastKnownFileType = folder.assetcatalog; path = "Preview Assets.xcassets"; sourceTree = "<group>"; };
		34E631882BDA538000BFA742 /* Machine_Security_SystemTests.swift */ = {isa = PBXFileReference; lastKnownFileType = sourcecode.swift; path = Machine_Security_SystemTests.swift; sourceTree = "<group>"; };
		34E631922BDA538000BFA742 /* Machine_Security_SystemUITests.swift */ = {isa = PBXFileReference; lastKnownFileType = sourcecode.swift; path = Machine_Security_SystemUITests.swift; sourceTree = "<group>"; };
		34E631942BDA538000BFA742 /* Machine_Security_SystemUITestsLaunchTests.swift */ = {isa = PBXFileReference; lastKnownFileType = sourcecode.swift; path = Machine_Security_SystemUITestsLaunchTests.swift; sourceTree = "<group>"; };
		34ECAC122C36B4C2006F24E2 /* MetalView.swift */ = {isa = PBXFileReference; lastKnownFileType = sourcecode.swift; path = MetalView.swift; sourceTree = "<group>"; };
		34FEE0C02C857FF400567786 /* FiltersViewAdjustmntsView.swift */ = {isa = PBXFileReference; lastKnownFileType = sourcecode.swift; path = FiltersViewAdjustmntsView.swift; sourceTree = "<group>"; };
		7204F95E2B7E856800596881 /* README.md */ = {isa = PBXFileReference; fileEncoding = 4; lastKnownFileType = net.daringfireball.markdown; path = README.md; sourceTree = "<group>"; };
		725DEA132B8F286D009E330D /* DeviceInfoViewModel.swift */ = {isa = PBXFileReference; lastKnownFileType = sourcecode.swift; path = DeviceInfoViewModel.swift; sourceTree = "<group>"; };
		725DEA152B8F3741009E330D /* DeviceInfoView.swift */ = {isa = PBXFileReference; lastKnownFileType = sourcecode.swift; path = DeviceInfoView.swift; sourceTree = "<group>"; };
		725DEA172B8F3B8A009E330D /* swifttoboard.swift */ = {isa = PBXFileReference; lastKnownFileType = sourcecode.swift; path = swifttoboard.swift; sourceTree = "<group>"; };
		726F34C92BB141900038B68B /* DeviceSettingsView.swift */ = {isa = PBXFileReference; lastKnownFileType = sourcecode.swift; path = DeviceSettingsView.swift; sourceTree = "<group>"; };
		728A8FBC2B7DAD8D00E10802 /* Floating Camera.app */ = {isa = PBXFileReference; explicitFileType = wrapper.application; includeInIndex = 0; path = "Floating Camera.app"; sourceTree = BUILT_PRODUCTS_DIR; };
		728A8FBF2B7DAD8D00E10802 /* AppDelegate.swift */ = {isa = PBXFileReference; lastKnownFileType = sourcecode.swift; path = AppDelegate.swift; sourceTree = "<group>"; };
		728A8FC12B7DAD8D00E10802 /* ViewController.swift */ = {isa = PBXFileReference; lastKnownFileType = sourcecode.swift; path = ViewController.swift; sourceTree = "<group>"; };
		728A8FC32B7DAD8F00E10802 /* Assets.xcassets */ = {isa = PBXFileReference; lastKnownFileType = folder.assetcatalog; path = Assets.xcassets; sourceTree = "<group>"; };
		728A8FC82B7DAD8F00E10802 /* Floating_Camera.entitlements */ = {isa = PBXFileReference; lastKnownFileType = text.plist.entitlements; path = Floating_Camera.entitlements; sourceTree = "<group>"; };
		728A8FCE2B7DC08B00E10802 /* RuntimeData.swift */ = {isa = PBXFileReference; lastKnownFileType = sourcecode.swift; path = RuntimeData.swift; sourceTree = "<group>"; };
		728A8FD02B7DC0C200E10802 /* WindowController.swift */ = {isa = PBXFileReference; lastKnownFileType = sourcecode.swift; path = WindowController.swift; sourceTree = "<group>"; };
/* End PBXFileReference section */

/* Begin PBXFrameworksBuildPhase section */
		34089B312C02881B006130E1 /* Frameworks */ = {
			isa = PBXFrameworksBuildPhase;
			buildActionMask = 2147483647;
			files = (
			);
			runOnlyForDeploymentPostprocessing = 0;
		};
		34E631712BDA537E00BFA742 /* Frameworks */ = {
			isa = PBXFrameworksBuildPhase;
			buildActionMask = 2147483647;
			files = (
			);
			runOnlyForDeploymentPostprocessing = 0;
		};
		728A8FB92B7DAD8D00E10802 /* Frameworks */ = {
			isa = PBXFrameworksBuildPhase;
			buildActionMask = 2147483647;
			files = (
			);
			runOnlyForDeploymentPostprocessing = 0;
		};
/* End PBXFrameworksBuildPhase section */

/* Begin PBXGroup section */
		34089B352C02881B006130E1 /* CamML */ = {
			isa = PBXGroup;
			children = (
				34089B362C02881B006130E1 /* CamMLApp.swift */,
				34089B432C028891006130E1 /* CameraView.swift */,
				34089B452C02889A006130E1 /* CameraViewController.swift */,
				34089B472C0288A0006130E1 /* CameraSettings.swift */,
				34089B492C0288A8006130E1 /* CameraController.swift */,
				34089B382C02881B006130E1 /* ContentView.swift */,
				34089B3A2C02881C006130E1 /* Assets.xcassets */,
				34089B3C2C02881C006130E1 /* CamML.entitlements */,
				34089B3D2C02881C006130E1 /* Preview Content */,
			);
			path = CamML;
			sourceTree = "<group>";
		};
		34089B3D2C02881C006130E1 /* Preview Content */ = {
			isa = PBXGroup;
			children = (
				34089B3E2C02881C006130E1 /* Preview Assets.xcassets */,
			);
			path = "Preview Content";
			sourceTree = "<group>";
		};
		3446FDDF2BF3CF050091B1F9 /* MLModelCamera */ = {
			isa = PBXGroup;
			children = (
				3446FDD52BF3CF050091B1F9 /* Assets.xcassets */,
				3446FDD72BF3CF050091B1F9 /* Info.plist */,
				3446FDD92BF3CF050091B1F9 /* LaunchScreen.storyboard */,
				3446FDDB2BF3CF050091B1F9 /* Main.storyboard */,
				3446FDDC2BF3CF050091B1F9 /* MLModelCamera.entitlements */,
				3446FDDD2BF3CF050091B1F9 /* ModelDescriptionViewController.swift */,
				3446FDDE2BF3CF050091B1F9 /* ViewController.swift */,
			);
			path = MLModelCamera;
			sourceTree = "<group>";
		};
		3446FDE32BF3CF050091B1F9 /* VideoCapture */ = {
			isa = PBXGroup;
			children = (
				3446FDE02BF3CF050091B1F9 /* AVCaptureDevice+Extension.swift */,
				3446FDE12BF3CF050091B1F9 /* VideoCameraType.swift */,
				3446FDE22BF3CF050091B1F9 /* VideoCapture.swift */,
			);
			path = VideoCapture;
			sourceTree = "<group>";
		};
		34A99D9B2BFB2488004685AC /* models */ = {
			isa = PBXGroup;
			children = (
				34336FCD2C09A54000BE57C4 /* sampleVideo.mp4 */,
				34A99DA12BFB379A004685AC /* YOLOv3TinyInt8LUT.mlmodel */,
			);
			path = models;
			sourceTree = "<group>";
		};
		34E631752BDA537E00BFA742 /* Machine Security System */ = {
			isa = PBXGroup;
			children = (
				3468638F2C0AC5B7005BC7D0 /* VideoViewControllerWrapper.swift */,
				34C437F02BDA5A4B00DCC725 /* CameraViewController.swift */,
				34B4498B2C0A5060006AE3F2 /* SyntaxHighlightingTextView.swift */,
				34B4498D2C0A5079006AE3F2 /* LogView.swift */,
				34C437EE2BDA59F800DCC725 /* CameraView.swift */,
				34A99DA52BFB3A2D004685AC /* BoundingBoxView.swift */,
				34E631782BDA537E00BFA742 /* ContentView.swift */,
				34336FC92C09A30E00BE57C4 /* MetalVideoProcessor.swift */,
				34336FC12C099AB200BE57C4 /* ViewLogs.swift */,
				34336FC32C099AEC00BE57C4 /* SettingsView.swift */,
				34336FC52C099AF900BE57C4 /* CoreMLView.swift */,
				34B449932C0AB8C8006AE3F2 /* MediaFile.swift */,
				34B449972C0AB903006AE3F2 /* GalleryView.swift */,
				3454B9132C0C18EE00EB941F /* VideoPreviewView.swift */,
				34B449952C0AB8F5006AE3F2 /* GalleryViewModel.swift */,
				34E4C0612C0BE757007D3A05 /* ImageViewer.swift */,
				34E4C0632C0BE78E007D3A05 /* AnnotatedImage.swift */,
				34336FC72C099B5300BE57C4 /* SideBar.swift */,
				34CECC5E2BE87A9B00DEA626 /* VideoView.swift */,
				34CECC5C2BE877CA00DEA626 /* VideoViewController.swift */,
				34E631762BDA537E00BFA742 /* Machine_Security_SystemApp.swift */,
				34E6317A2BDA537F00BFA742 /* Assets.xcassets */,
				34E6317C2BDA537F00BFA742 /* Machine_Security_System.entitlements */,
				34A99D9B2BFB2488004685AC /* models */,
				34A99DA72BFB4557004685AC /* detFX.m4a */,
				3446FDDF2BF3CF050091B1F9 /* MLModelCamera */,
				3446FDE32BF3CF050091B1F9 /* VideoCapture */,
				34E6317D2BDA537F00BFA742 /* Preview Content */,
			);
			path = "Machine Security System";
			sourceTree = "<group>";
		};
		34E6317D2BDA537F00BFA742 /* Preview Content */ = {
			isa = PBXGroup;
			children = (
				34A99DA32BFB3931004685AC /* yolov8x2AAA.mlpackage */,
				34E6317E2BDA537F00BFA742 /* Preview Assets.xcassets */,
			);
			path = "Preview Content";
			sourceTree = "<group>";
		};
		34E631872BDA538000BFA742 /* Machine Security SystemTests */ = {
			isa = PBXGroup;
			children = (
				34E631882BDA538000BFA742 /* Machine_Security_SystemTests.swift */,
			);
			path = "Machine Security SystemTests";
			sourceTree = "<group>";
		};
		34E631912BDA538000BFA742 /* Machine Security SystemUITests */ = {
			isa = PBXGroup;
			children = (
				34E631922BDA538000BFA742 /* Machine_Security_SystemUITests.swift */,
				34E631942BDA538000BFA742 /* Machine_Security_SystemUITestsLaunchTests.swift */,
			);
			path = "Machine Security SystemUITests";
			sourceTree = "<group>";
		};
		728A8FB32B7DAD8D00E10802 = {
			isa = PBXGroup;
			children = (
				728A8FBE2B7DAD8D00E10802 /* Floating Camera */,
				728A8FD02B7DC0C200E10802 /* WindowController.swift */,
				725DEA172B8F3B8A009E330D /* swifttoboard.swift */,
				34E631752BDA537E00BFA742 /* Machine Security System */,
				34089B352C02881B006130E1 /* CamML */,
				34E631872BDA538000BFA742 /* Machine Security SystemTests */,
				34E631912BDA538000BFA742 /* Machine Security SystemUITests */,
				728A8FBD2B7DAD8D00E10802 /* Products */,
			);
			sourceTree = "<group>";
		};
		728A8FBD2B7DAD8D00E10802 /* Products */ = {
			isa = PBXGroup;
			children = (
				728A8FBC2B7DAD8D00E10802 /* Floating Camera.app */,
				34E631742BDA537E00BFA742 /* Machine Security System.app */,
				34089B342C02881B006130E1 /* CamML.app */,
			);
			name = Products;
			sourceTree = "<group>";
		};
		728A8FBE2B7DAD8D00E10802 /* Floating Camera */ = {
			isa = PBXGroup;
			children = (
				34ECAC122C36B4C2006F24E2 /* MetalView.swift */,
				34DAC9972C4380A900DAEFE3 /* FloatingControler.swift */,
				728A8FBF2B7DAD8D00E10802 /* AppDelegate.swift */,
				728A8FCE2B7DC08B00E10802 /* RuntimeData.swift */,
				34FEE0C02C857FF400567786 /* FiltersViewAdjustmntsView.swift */,
				728A8FC12B7DAD8D00E10802 /* ViewController.swift */,
				725DEA152B8F3741009E330D /* DeviceInfoView.swift */,
				726F34C92BB141900038B68B /* DeviceSettingsView.swift */,
				725DEA132B8F286D009E330D /* DeviceInfoViewModel.swift */,
				728A8FC32B7DAD8F00E10802 /* Assets.xcassets */,
				728A8FC82B7DAD8F00E10802 /* Floating_Camera.entitlements */,
				7204F95E2B7E856800596881 /* README.md */,
				34B631442C8C022100434339 /* yolov5s.mlmodel */,
				34B631422C8BE7EC00434339 /* yolov8.mlmodelc */,
			);
			path = "Floating Camera";
			sourceTree = "<group>";
		};
/* End PBXGroup section */

/* Begin PBXNativeTarget section */
		34089B332C02881B006130E1 /* CamML */ = {
			isa = PBXNativeTarget;
			buildConfigurationList = 34089B402C02881C006130E1 /* Build configuration list for PBXNativeTarget "CamML" */;
			buildPhases = (
				34089B302C02881B006130E1 /* Sources */,
				34089B312C02881B006130E1 /* Frameworks */,
				34089B322C02881B006130E1 /* Resources */,
			);
			buildRules = (
			);
			dependencies = (
			);
			name = CamML;
			productName = CamML;
			productReference = 34089B342C02881B006130E1 /* CamML.app */;
			productType = "com.apple.product-type.application";
		};
		34E631732BDA537E00BFA742 /* Machine Security System */ = {
			isa = PBXNativeTarget;
			buildConfigurationList = 34E6319C2BDA538000BFA742 /* Build configuration list for PBXNativeTarget "Machine Security System" */;
			buildPhases = (
				34E631702BDA537E00BFA742 /* Sources */,
				34E631712BDA537E00BFA742 /* Frameworks */,
				34E631722BDA537E00BFA742 /* Resources */,
			);
			buildRules = (
			);
			dependencies = (
			);
			name = "Machine Security System";
			productName = "Machine Security System";
			productReference = 34E631742BDA537E00BFA742 /* Machine Security System.app */;
			productType = "com.apple.product-type.application";
		};
		728A8FBB2B7DAD8D00E10802 /* Floating Camera */ = {
			isa = PBXNativeTarget;
			buildConfigurationList = 728A8FCB2B7DAD8F00E10802 /* Build configuration list for PBXNativeTarget "Floating Camera" */;
			buildPhases = (
				728A8FB82B7DAD8D00E10802 /* Sources */,
				728A8FB92B7DAD8D00E10802 /* Frameworks */,
				728A8FBA2B7DAD8D00E10802 /* Resources */,
			);
			buildRules = (
			);
			dependencies = (
			);
			name = "Floating Camera";
			productName = "Floating Camera";
			productReference = 728A8FBC2B7DAD8D00E10802 /* Floating Camera.app */;
			productType = "com.apple.product-type.application";
		};
/* End PBXNativeTarget section */

/* Begin PBXProject section */
		728A8FB42B7DAD8D00E10802 /* Project object */ = {
			isa = PBXProject;
			attributes = {
				BuildIndependentTargetsInParallel = 1;
				LastSwiftUpdateCheck = 1530;
				LastUpgradeCheck = 1530;
				TargetAttributes = {
					34089B332C02881B006130E1 = {
						CreatedOnToolsVersion = 15.3;
					};
					34E631732BDA537E00BFA742 = {
						CreatedOnToolsVersion = 15.3;
					};
					728A8FBB2B7DAD8D00E10802 = {
						CreatedOnToolsVersion = 15.2;
					};
				};
			};
			buildConfigurationList = 728A8FB72B7DAD8D00E10802 /* Build configuration list for PBXProject "Floating Camera" */;
			compatibilityVersion = "Xcode 15.0";
			developmentRegion = en;
			hasScannedForEncodings = 0;
			knownRegions = (
				en,
				Base,
			);
			mainGroup = 728A8FB32B7DAD8D00E10802;
			productRefGroup = 728A8FBD2B7DAD8D00E10802 /* Products */;
			projectDirPath = "";
			projectRoot = "";
			targets = (
				34089B332C02881B006130E1 /* CamML */,
				34E631732BDA537E00BFA742 /* Machine Security System */,
				728A8FBB2B7DAD8D00E10802 /* Floating Camera */,
			);
		};
/* End PBXProject section */

/* Begin PBXResourcesBuildPhase section */
		34089B322C02881B006130E1 /* Resources */ = {
			isa = PBXResourcesBuildPhase;
			buildActionMask = 2147483647;
			files = (
				34089B3F2C02881C006130E1 /* Preview Assets.xcassets in Resources */,
				34089B3B2C02881C006130E1 /* Assets.xcassets in Resources */,
			);
			runOnlyForDeploymentPostprocessing = 0;
		};
		34E631722BDA537E00BFA742 /* Resources */ = {
			isa = PBXResourcesBuildPhase;
			buildActionMask = 2147483647;
			files = (
				3446FDE72BF3CF050091B1F9 /* Info.plist in Resources */,
				34E6317F2BDA537F00BFA742 /* Preview Assets.xcassets in Resources */,
				3446FDE52BF3CF050091B1F9 /* Assets.xcassets in Resources */,
				34336FCE2C09A54000BE57C4 /* sampleVideo.mp4 in Resources */,
				34E6317B2BDA537F00BFA742 /* Assets.xcassets in Resources */,
				34A99DA82BFB4558004685AC /* detFX.m4a in Resources */,
			);
			runOnlyForDeploymentPostprocessing = 0;
		};
		728A8FBA2B7DAD8D00E10802 /* Resources */ = {
			isa = PBXResourcesBuildPhase;
			buildActionMask = 2147483647;
			files = (
				7204F95F2B7E856900596881 /* README.md in Resources */,
				728A8FC42B7DAD8F00E10802 /* Assets.xcassets in Resources */,
				34B631432C8BE7EC00434339 /* yolov8.mlmodelc in Resources */,
			);
			runOnlyForDeploymentPostprocessing = 0;
		};
/* End PBXResourcesBuildPhase section */

/* Begin PBXSourcesBuildPhase section */
		34089B302C02881B006130E1 /* Sources */ = {
			isa = PBXSourcesBuildPhase;
			buildActionMask = 2147483647;
			files = (
				34089B4A2C0288A8006130E1 /* CameraController.swift in Sources */,
				34089B442C028891006130E1 /* CameraView.swift in Sources */,
				34089B462C02889A006130E1 /* CameraViewController.swift in Sources */,
				34089B392C02881B006130E1 /* ContentView.swift in Sources */,
				34089B372C02881B006130E1 /* CamMLApp.swift in Sources */,
				34089B482C0288A0006130E1 /* CameraSettings.swift in Sources */,
			);
			runOnlyForDeploymentPostprocessing = 0;
		};
		34E631702BDA537E00BFA742 /* Sources */ = {
			isa = PBXSourcesBuildPhase;
			buildActionMask = 2147483647;
			files = (
				34E631792BDA537E00BFA742 /* ContentView.swift in Sources */,
				34336FC22C099AB200BE57C4 /* ViewLogs.swift in Sources */,
				34336FCA2C09A30E00BE57C4 /* MetalVideoProcessor.swift in Sources */,
				34336FC62C099AF900BE57C4 /* CoreMLView.swift in Sources */,
				3454B9142C0C18EE00EB941F /* VideoPreviewView.swift in Sources */,
				34E4C0642C0BE78E007D3A05 /* AnnotatedImage.swift in Sources */,
				34A99DA42BFB3931004685AC /* yolov8x2AAA.mlpackage in Sources */,
				34B4498E2C0A5079006AE3F2 /* LogView.swift in Sources */,
				34336FCB2C09A37600BE57C4 /* VideoViewController.swift in Sources */,
				34B449962C0AB8F5006AE3F2 /* GalleryViewModel.swift in Sources */,
				34B4498C2C0A5060006AE3F2 /* SyntaxHighlightingTextView.swift in Sources */,
				34336FC42C099AEC00BE57C4 /* SettingsView.swift in Sources */,
				34C437EF2BDA59F800DCC725 /* CameraView.swift in Sources */,
				34336FCC2C09A37900BE57C4 /* VideoView.swift in Sources */,
				346863902C0AC5B7005BC7D0 /* VideoViewControllerWrapper.swift in Sources */,
				34B449942C0AB8C8006AE3F2 /* MediaFile.swift in Sources */,
				34336FC82C099B5300BE57C4 /* SideBar.swift in Sources */,
				34336FBE2C09749700BE57C4 /* BoundingBoxView.swift in Sources */,
				34A99DA22BFB379A004685AC /* YOLOv3TinyInt8LUT.mlmodel in Sources */,
				34B449982C0AB903006AE3F2 /* GalleryView.swift in Sources */,
				34E631772BDA537E00BFA742 /* Machine_Security_SystemApp.swift in Sources */,
				34E4C0622C0BE757007D3A05 /* ImageViewer.swift in Sources */,
				34C437F12BDA5A4B00DCC725 /* CameraViewController.swift in Sources */,
			);
			runOnlyForDeploymentPostprocessing = 0;
		};
		728A8FB82B7DAD8D00E10802 /* Sources */ = {
			isa = PBXSourcesBuildPhase;
			buildActionMask = 2147483647;
			files = (
				34FCF5542C782443001C38EC /* FloatingControler.swift in Sources */,
				725DEA162B8F3741009E330D /* DeviceInfoView.swift in Sources */,
				34FEE0C22C85886500567786 /* RuntimeData.swift in Sources */,
				34FEE0C12C857FF400567786 /* FiltersViewAdjustmntsView.swift in Sources */,
				728A8FC02B7DAD8D00E10802 /* AppDelegate.swift in Sources */,
				725DEA142B8F286D009E330D /* DeviceInfoViewModel.swift in Sources */,
				34FEE0C32C8589FD00567786 /* ViewController.swift in Sources */,
				34B631452C8C022100434339 /* yolov5s.mlmodel in Sources */,
				34FEE0BF2C857F0000567786 /* DeviceSettingsView.swift in Sources */,
			);
			runOnlyForDeploymentPostprocessing = 0;
		};
/* End PBXSourcesBuildPhase section */

/* Begin PBXVariantGroup section */
		3446FDD92BF3CF050091B1F9 /* LaunchScreen.storyboard */ = {
			isa = PBXVariantGroup;
			children = (
				3446FDD82BF3CF050091B1F9 /* Base */,
			);
			name = LaunchScreen.storyboard;
			sourceTree = "<group>";
		};
		3446FDDB2BF3CF050091B1F9 /* Main.storyboard */ = {
			isa = PBXVariantGroup;
			children = (
				3446FDDA2BF3CF050091B1F9 /* Base */,
			);
			name = Main.storyboard;
			sourceTree = "<group>";
		};
/* End PBXVariantGroup section */

/* Begin XCBuildConfiguration section */
		34089B412C02881C006130E1 /* Debug */ = {
			isa = XCBuildConfiguration;
			buildSettings = {
				ASSETCATALOG_COMPILER_APPICON_NAME = AppIcon;
				ASSETCATALOG_COMPILER_GLOBAL_ACCENT_COLOR_NAME = AccentColor;
				CLANG_ENABLE_MODULES = YES;
				CODE_SIGN_ENTITLEMENTS = CamML/CamML.entitlements;
				CODE_SIGN_STYLE = Automatic;
				CURRENT_PROJECT_VERSION = 1;
				DEVELOPMENT_ASSET_PATHS = "\"CamML/Preview Content\"";
				DEVELOPMENT_TEAM = 46WUYUUA8V;
				ENABLE_HARDENED_RUNTIME = YES;
				ENABLE_PREVIEWS = YES;
				GCC_C_LANGUAGE_STANDARD = gnu17;
				GCC_OPTIMIZATION_LEVEL = 0;
				GCC_PREPROCESSOR_DEFINITIONS = (
					"DEBUG=1",
					"$(inherited)",
				);
				GENERATE_INFOPLIST_FILE = YES;
				INFOPLIST_KEY_NSCameraUsageDescription = "access to the camera for capturing photos and videos.";
				INFOPLIST_KEY_NSMicrophoneUsageDescription = "access to the microphone for recording audio.";
				"INFOPLIST_KEY_UIApplicationSceneManifest_Generation[sdk=iphoneos*]" = YES;
				"INFOPLIST_KEY_UIApplicationSceneManifest_Generation[sdk=iphonesimulator*]" = YES;
				"INFOPLIST_KEY_UIApplicationSupportsIndirectInputEvents[sdk=iphoneos*]" = YES;
				"INFOPLIST_KEY_UIApplicationSupportsIndirectInputEvents[sdk=iphonesimulator*]" = YES;
				"INFOPLIST_KEY_UILaunchScreen_Generation[sdk=iphoneos*]" = YES;
				"INFOPLIST_KEY_UILaunchScreen_Generation[sdk=iphonesimulator*]" = YES;
				"INFOPLIST_KEY_UIStatusBarStyle[sdk=iphoneos*]" = UIStatusBarStyleDefault;
				"INFOPLIST_KEY_UIStatusBarStyle[sdk=iphonesimulator*]" = UIStatusBarStyleDefault;
				INFOPLIST_KEY_UISupportedInterfaceOrientations_iPad = "UIInterfaceOrientationPortrait UIInterfaceOrientationPortraitUpsideDown UIInterfaceOrientationLandscapeLeft UIInterfaceOrientationLandscapeRight";
				INFOPLIST_KEY_UISupportedInterfaceOrientations_iPhone = "UIInterfaceOrientationPortrait UIInterfaceOrientationLandscapeLeft UIInterfaceOrientationLandscapeRight";
				IPHONEOS_DEPLOYMENT_TARGET = 17.4;
				LD_RUNPATH_SEARCH_PATHS = "@executable_path/Frameworks";
				"LD_RUNPATH_SEARCH_PATHS[sdk=macosx*]" = "@executable_path/../Frameworks";
				MACOSX_DEPLOYMENT_TARGET = 14.4;
				MARKETING_VERSION = 1.0;
				PRODUCT_BUNDLE_IDENTIFIER = com.oil3.CamML;
				PRODUCT_NAME = "$(TARGET_NAME)";
				SDKROOT = auto;
				SUPPORTED_PLATFORMS = "iphoneos iphonesimulator macosx";
				SUPPORTS_MACCATALYST = YES;
				SWIFT_EMIT_LOC_STRINGS = YES;
				SWIFT_VERSION = 5.0;
				TARGETED_DEVICE_FAMILY = "1,2";
			};
			name = Debug;
		};
		34089B422C02881C006130E1 /* Release */ = {
			isa = XCBuildConfiguration;
			buildSettings = {
				ASSETCATALOG_COMPILER_APPICON_NAME = AppIcon;
				ASSETCATALOG_COMPILER_GLOBAL_ACCENT_COLOR_NAME = AccentColor;
				CLANG_ENABLE_MODULES = YES;
				CODE_SIGN_ENTITLEMENTS = CamML/CamML.entitlements;
				CODE_SIGN_STYLE = Automatic;
				CURRENT_PROJECT_VERSION = 1;
				DEVELOPMENT_ASSET_PATHS = "\"CamML/Preview Content\"";
				DEVELOPMENT_TEAM = 46WUYUUA8V;
				ENABLE_HARDENED_RUNTIME = YES;
				ENABLE_PREVIEWS = YES;
				GCC_C_LANGUAGE_STANDARD = gnu17;
				GENERATE_INFOPLIST_FILE = YES;
				INFOPLIST_KEY_NSCameraUsageDescription = "access to the camera for capturing photos and videos.";
				INFOPLIST_KEY_NSMicrophoneUsageDescription = "access to the microphone for recording audio.";
				"INFOPLIST_KEY_UIApplicationSceneManifest_Generation[sdk=iphoneos*]" = YES;
				"INFOPLIST_KEY_UIApplicationSceneManifest_Generation[sdk=iphonesimulator*]" = YES;
				"INFOPLIST_KEY_UIApplicationSupportsIndirectInputEvents[sdk=iphoneos*]" = YES;
				"INFOPLIST_KEY_UIApplicationSupportsIndirectInputEvents[sdk=iphonesimulator*]" = YES;
				"INFOPLIST_KEY_UILaunchScreen_Generation[sdk=iphoneos*]" = YES;
				"INFOPLIST_KEY_UILaunchScreen_Generation[sdk=iphonesimulator*]" = YES;
				"INFOPLIST_KEY_UIStatusBarStyle[sdk=iphoneos*]" = UIStatusBarStyleDefault;
				"INFOPLIST_KEY_UIStatusBarStyle[sdk=iphonesimulator*]" = UIStatusBarStyleDefault;
				INFOPLIST_KEY_UISupportedInterfaceOrientations_iPad = "UIInterfaceOrientationPortrait UIInterfaceOrientationPortraitUpsideDown UIInterfaceOrientationLandscapeLeft UIInterfaceOrientationLandscapeRight";
				INFOPLIST_KEY_UISupportedInterfaceOrientations_iPhone = "UIInterfaceOrientationPortrait UIInterfaceOrientationLandscapeLeft UIInterfaceOrientationLandscapeRight";
				IPHONEOS_DEPLOYMENT_TARGET = 17.4;
				LD_RUNPATH_SEARCH_PATHS = "@executable_path/Frameworks";
				"LD_RUNPATH_SEARCH_PATHS[sdk=macosx*]" = "@executable_path/../Frameworks";
				MACOSX_DEPLOYMENT_TARGET = 14.4;
				MARKETING_VERSION = 1.0;
				PRODUCT_BUNDLE_IDENTIFIER = com.oil3.CamML;
				PRODUCT_NAME = "$(TARGET_NAME)";
				SDKROOT = auto;
				SUPPORTED_PLATFORMS = "iphoneos iphonesimulator macosx";
				SUPPORTS_MACCATALYST = YES;
				SWIFT_EMIT_LOC_STRINGS = YES;
				SWIFT_VERSION = 5.0;
				TARGETED_DEVICE_FAMILY = "1,2";
			};
			name = Release;
		};
		34E631962BDA538000BFA742 /* Debug */ = {
			isa = XCBuildConfiguration;
			buildSettings = {
				ASSETCATALOG_COMPILER_APPICON_NAME = AppIcon;
				ASSETCATALOG_COMPILER_GLOBAL_ACCENT_COLOR_NAME = AccentColor;
				CLANG_ENABLE_MODULES = YES;
				CODE_SIGN_ENTITLEMENTS = "Machine Security System/Machine_Security_System.entitlements";
				CODE_SIGN_STYLE = Automatic;
				CURRENT_PROJECT_VERSION = 1;
				DEVELOPMENT_ASSET_PATHS = "\"Machine Security System/Preview Content\"";
				DEVELOPMENT_TEAM = 46WUYUUA8V;
				ENABLE_HARDENED_RUNTIME = YES;
				"ENABLE_HARDENED_RUNTIME[sdk=macosx*]" = YES;
				ENABLE_PREVIEWS = YES;
				GCC_C_LANGUAGE_STANDARD = gnu17;
				GCC_OPTIMIZATION_LEVEL = 0;
				GCC_PREPROCESSOR_DEFINITIONS = (
					"DEBUG=1",
					"$(inherited)",
				);
				GENERATE_INFOPLIST_FILE = YES;
				INFOPLIST_KEY_LSApplicationCategoryType = "public.app-category.utilities";
				INFOPLIST_KEY_NSCameraUsageDescription = "One of the app's main functions is using the live feed from integrated Isight or connected camera, and thus requires camera usage authorization";
				INFOPLIST_KEY_NSPhotoLibraryUsageDescription = "Needed for selecting directly from the photo gallery";
				"INFOPLIST_KEY_UIApplicationSceneManifest_Generation[sdk=iphoneos*]" = YES;
				"INFOPLIST_KEY_UIApplicationSceneManifest_Generation[sdk=iphonesimulator*]" = YES;
				"INFOPLIST_KEY_UIApplicationSupportsIndirectInputEvents[sdk=iphoneos*]" = YES;
				"INFOPLIST_KEY_UIApplicationSupportsIndirectInputEvents[sdk=iphonesimulator*]" = YES;
				"INFOPLIST_KEY_UILaunchScreen_Generation[sdk=iphoneos*]" = YES;
				"INFOPLIST_KEY_UILaunchScreen_Generation[sdk=iphonesimulator*]" = YES;
				INFOPLIST_KEY_UIStatusBarStyle = UIStatusBarStyleDarkContent;
				"INFOPLIST_KEY_UIStatusBarStyle[sdk=iphoneos*]" = UIStatusBarStyleDefault;
				"INFOPLIST_KEY_UIStatusBarStyle[sdk=iphonesimulator*]" = UIStatusBarStyleDefault;
				INFOPLIST_KEY_UISupportedInterfaceOrientations = "UIInterfaceOrientationLandscapeLeft UIInterfaceOrientationLandscapeRight UIInterfaceOrientationPortrait";
				INFOPLIST_KEY_UISupportedInterfaceOrientations_iPad = "UIInterfaceOrientationLandscapeLeft UIInterfaceOrientationLandscapeRight UIInterfaceOrientationPortraitUpsideDown";
				IPHONEOS_DEPLOYMENT_TARGET = 16.6;
				LD_RUNPATH_SEARCH_PATHS = "@executable_path/Frameworks";
				"LD_RUNPATH_SEARCH_PATHS[sdk=macosx*]" = "@executable_path/../Frameworks";
				MACOSX_DEPLOYMENT_TARGET = 14.4;
				MARKETING_VERSION = 1.0;
				PRODUCT_BUNDLE_IDENTIFIER = "com.oil3.Machine-Security-System";
				PRODUCT_NAME = "$(TARGET_NAME)";
				SDKROOT = auto;
				SUPPORTED_PLATFORMS = "iphoneos iphonesimulator";
				SUPPORTS_MACCATALYST = YES;
				SWIFT_EMIT_LOC_STRINGS = YES;
				SWIFT_VERSION = 5.0;
				TARGETED_DEVICE_FAMILY = "1,2,6";
			};
			name = Debug;
		};
		34E631972BDA538000BFA742 /* Release */ = {
			isa = XCBuildConfiguration;
			buildSettings = {
				ASSETCATALOG_COMPILER_APPICON_NAME = AppIcon;
				ASSETCATALOG_COMPILER_GLOBAL_ACCENT_COLOR_NAME = AccentColor;
				CLANG_ENABLE_MODULES = YES;
				CODE_SIGN_ENTITLEMENTS = "Machine Security System/Machine_Security_System.entitlements";
				CODE_SIGN_STYLE = Automatic;
				CURRENT_PROJECT_VERSION = 1;
				DEVELOPMENT_ASSET_PATHS = "\"Machine Security System/Preview Content\"";
				DEVELOPMENT_TEAM = 46WUYUUA8V;
				ENABLE_HARDENED_RUNTIME = YES;
				"ENABLE_HARDENED_RUNTIME[sdk=macosx*]" = YES;
				ENABLE_PREVIEWS = YES;
				GCC_C_LANGUAGE_STANDARD = gnu17;
				GENERATE_INFOPLIST_FILE = YES;
				INFOPLIST_KEY_LSApplicationCategoryType = "public.app-category.utilities";
				INFOPLIST_KEY_NSCameraUsageDescription = "One of the app's main functions is using the live feed from integrated Isight or connected camera, and thus requires camera usage authorization";
				INFOPLIST_KEY_NSPhotoLibraryUsageDescription = "Needed for selecting directly from the photo gallery";
				"INFOPLIST_KEY_UIApplicationSceneManifest_Generation[sdk=iphoneos*]" = YES;
				"INFOPLIST_KEY_UIApplicationSceneManifest_Generation[sdk=iphonesimulator*]" = YES;
				"INFOPLIST_KEY_UIApplicationSupportsIndirectInputEvents[sdk=iphoneos*]" = YES;
				"INFOPLIST_KEY_UIApplicationSupportsIndirectInputEvents[sdk=iphonesimulator*]" = YES;
				"INFOPLIST_KEY_UILaunchScreen_Generation[sdk=iphoneos*]" = YES;
				"INFOPLIST_KEY_UILaunchScreen_Generation[sdk=iphonesimulator*]" = YES;
				INFOPLIST_KEY_UIStatusBarStyle = UIStatusBarStyleDarkContent;
				"INFOPLIST_KEY_UIStatusBarStyle[sdk=iphoneos*]" = UIStatusBarStyleDefault;
				"INFOPLIST_KEY_UIStatusBarStyle[sdk=iphonesimulator*]" = UIStatusBarStyleDefault;
				INFOPLIST_KEY_UISupportedInterfaceOrientations = "UIInterfaceOrientationLandscapeLeft UIInterfaceOrientationLandscapeRight UIInterfaceOrientationPortrait";
				INFOPLIST_KEY_UISupportedInterfaceOrientations_iPad = "UIInterfaceOrientationLandscapeLeft UIInterfaceOrientationLandscapeRight UIInterfaceOrientationPortraitUpsideDown";
				IPHONEOS_DEPLOYMENT_TARGET = 16.6;
				LD_RUNPATH_SEARCH_PATHS = "@executable_path/Frameworks";
				"LD_RUNPATH_SEARCH_PATHS[sdk=macosx*]" = "@executable_path/../Frameworks";
				MACOSX_DEPLOYMENT_TARGET = 14.4;
				MARKETING_VERSION = 1.0;
				PRODUCT_BUNDLE_IDENTIFIER = "com.oil3.Machine-Security-System";
				PRODUCT_NAME = "$(TARGET_NAME)";
				SDKROOT = auto;
				SUPPORTED_PLATFORMS = "iphoneos iphonesimulator";
				SUPPORTS_MACCATALYST = YES;
				SWIFT_EMIT_LOC_STRINGS = YES;
				SWIFT_VERSION = 5.0;
				TARGETED_DEVICE_FAMILY = "1,2,6";
			};
			name = Release;
		};
		728A8FC92B7DAD8F00E10802 /* Debug */ = {
			isa = XCBuildConfiguration;
			buildSettings = {
				ALWAYS_SEARCH_USER_PATHS = NO;
				ASSETCATALOG_COMPILER_GENERATE_SWIFT_ASSET_SYMBOL_EXTENSIONS = YES;
				CLANG_ANALYZER_NONNULL = YES;
				CLANG_ANALYZER_NUMBER_OBJECT_CONVERSION = YES_AGGRESSIVE;
				CLANG_CXX_LANGUAGE_STANDARD = "gnu++20";
				CLANG_ENABLE_MODULES = NO;
				CLANG_ENABLE_OBJC_ARC = YES;
				CLANG_ENABLE_OBJC_WEAK = YES;
				CLANG_WARN_BLOCK_CAPTURE_AUTORELEASING = YES;
				CLANG_WARN_BOOL_CONVERSION = YES;
				CLANG_WARN_COMMA = YES;
				CLANG_WARN_CONSTANT_CONVERSION = YES;
				CLANG_WARN_DEPRECATED_OBJC_IMPLEMENTATIONS = YES;
				CLANG_WARN_DIRECT_OBJC_ISA_USAGE = YES_ERROR;
				CLANG_WARN_DOCUMENTATION_COMMENTS = YES;
				CLANG_WARN_EMPTY_BODY = YES;
				CLANG_WARN_ENUM_CONVERSION = YES;
				CLANG_WARN_INFINITE_RECURSION = YES;
				CLANG_WARN_INT_CONVERSION = YES;
				CLANG_WARN_NON_LITERAL_NULL_CONVERSION = YES;
				CLANG_WARN_OBJC_IMPLICIT_RETAIN_SELF = YES;
				CLANG_WARN_OBJC_LITERAL_CONVERSION = YES;
				CLANG_WARN_OBJC_ROOT_CLASS = YES_ERROR;
				CLANG_WARN_QUOTED_INCLUDE_IN_FRAMEWORK_HEADER = YES;
				CLANG_WARN_RANGE_LOOP_ANALYSIS = YES;
				CLANG_WARN_STRICT_PROTOTYPES = YES;
				CLANG_WARN_SUSPICIOUS_MOVE = YES;
				CLANG_WARN_UNGUARDED_AVAILABILITY = YES_AGGRESSIVE;
				CLANG_WARN_UNREACHABLE_CODE = YES;
				CLANG_WARN__DUPLICATE_METHOD_MATCH = YES;
				COPY_PHASE_STRIP = NO;
				DEAD_CODE_STRIPPING = YES;
				DEBUG_INFORMATION_FORMAT = dwarf;
				ENABLE_STRICT_OBJC_MSGSEND = YES;
				ENABLE_TESTABILITY = YES;
				ENABLE_USER_SCRIPT_SANDBOXING = YES;
				GCC_C_LANGUAGE_STANDARD = "compiler-default";
				GCC_DYNAMIC_NO_PIC = NO;
				GCC_NO_COMMON_BLOCKS = YES;
				GCC_OPTIMIZATION_LEVEL = s;
				GCC_WARN_64_TO_32_BIT_CONVERSION = YES;
				GCC_WARN_ABOUT_RETURN_TYPE = YES_ERROR;
				GCC_WARN_UNDECLARED_SELECTOR = YES;
				GCC_WARN_UNINITIALIZED_AUTOS = YES_AGGRESSIVE;
				GCC_WARN_UNUSED_FUNCTION = YES;
				GCC_WARN_UNUSED_VARIABLE = YES;
				IPHONEOS_DEPLOYMENT_TARGET = 16.6;
				LOCALIZATION_PREFERS_STRING_CATALOGS = YES;
				MACOSX_DEPLOYMENT_TARGET = 14.0;
				MTL_ENABLE_DEBUG_INFO = INCLUDE_SOURCE;
				MTL_FAST_MATH = YES;
				ONLY_ACTIVE_ARCH = YES;
				SDKROOT = macosx;
				SWIFT_ACTIVE_COMPILATION_CONDITIONS = "DEBUG $(inherited)";
				SWIFT_OPTIMIZATION_LEVEL = "-Onone";
				SWIFT_VERSION = 5.0;
			};
			name = Debug;
		};
		728A8FCA2B7DAD8F00E10802 /* Release */ = {
			isa = XCBuildConfiguration;
			buildSettings = {
				ALWAYS_SEARCH_USER_PATHS = NO;
				ASSETCATALOG_COMPILER_GENERATE_SWIFT_ASSET_SYMBOL_EXTENSIONS = YES;
				CLANG_ANALYZER_NONNULL = YES;
				CLANG_ANALYZER_NUMBER_OBJECT_CONVERSION = YES_AGGRESSIVE;
				CLANG_CXX_LANGUAGE_STANDARD = "gnu++20";
				CLANG_ENABLE_MODULES = NO;
				CLANG_ENABLE_OBJC_ARC = YES;
				CLANG_ENABLE_OBJC_WEAK = YES;
				CLANG_WARN_BLOCK_CAPTURE_AUTORELEASING = YES;
				CLANG_WARN_BOOL_CONVERSION = YES;
				CLANG_WARN_COMMA = YES;
				CLANG_WARN_CONSTANT_CONVERSION = YES;
				CLANG_WARN_DEPRECATED_OBJC_IMPLEMENTATIONS = YES;
				CLANG_WARN_DIRECT_OBJC_ISA_USAGE = YES_ERROR;
				CLANG_WARN_DOCUMENTATION_COMMENTS = YES;
				CLANG_WARN_EMPTY_BODY = YES;
				CLANG_WARN_ENUM_CONVERSION = YES;
				CLANG_WARN_INFINITE_RECURSION = YES;
				CLANG_WARN_INT_CONVERSION = YES;
				CLANG_WARN_NON_LITERAL_NULL_CONVERSION = YES;
				CLANG_WARN_OBJC_IMPLICIT_RETAIN_SELF = YES;
				CLANG_WARN_OBJC_LITERAL_CONVERSION = YES;
				CLANG_WARN_OBJC_ROOT_CLASS = YES_ERROR;
				CLANG_WARN_QUOTED_INCLUDE_IN_FRAMEWORK_HEADER = YES;
				CLANG_WARN_RANGE_LOOP_ANALYSIS = YES;
				CLANG_WARN_STRICT_PROTOTYPES = YES;
				CLANG_WARN_SUSPICIOUS_MOVE = YES;
				CLANG_WARN_UNGUARDED_AVAILABILITY = YES_AGGRESSIVE;
				CLANG_WARN_UNREACHABLE_CODE = YES;
				CLANG_WARN__DUPLICATE_METHOD_MATCH = YES;
				COPY_PHASE_STRIP = NO;
				DEAD_CODE_STRIPPING = YES;
				DEBUG_INFORMATION_FORMAT = "dwarf-with-dsym";
				ENABLE_NS_ASSERTIONS = NO;
				ENABLE_STRICT_OBJC_MSGSEND = YES;
				ENABLE_USER_SCRIPT_SANDBOXING = YES;
				GCC_C_LANGUAGE_STANDARD = "compiler-default";
				GCC_NO_COMMON_BLOCKS = YES;
				GCC_OPTIMIZATION_LEVEL = s;
				GCC_WARN_64_TO_32_BIT_CONVERSION = YES;
				GCC_WARN_ABOUT_RETURN_TYPE = YES_ERROR;
				GCC_WARN_UNDECLARED_SELECTOR = YES;
				GCC_WARN_UNINITIALIZED_AUTOS = YES_AGGRESSIVE;
				GCC_WARN_UNUSED_FUNCTION = YES;
				GCC_WARN_UNUSED_VARIABLE = YES;
				IPHONEOS_DEPLOYMENT_TARGET = 16.6;
				LOCALIZATION_PREFERS_STRING_CATALOGS = YES;
				MACOSX_DEPLOYMENT_TARGET = 14.0;
				MTL_ENABLE_DEBUG_INFO = NO;
				MTL_FAST_MATH = YES;
				SDKROOT = macosx;
				SWIFT_COMPILATION_MODE = wholemodule;
				SWIFT_VERSION = 5.0;
			};
			name = Release;
		};
		728A8FCC2B7DAD8F00E10802 /* Debug */ = {
			isa = XCBuildConfiguration;
			buildSettings = {
				ASSETCATALOG_COMPILER_APPICON_NAME = AppIcon;
				ASSETCATALOG_COMPILER_GLOBAL_ACCENT_COLOR_NAME = AccentColor;
				ASSETCATALOG_COMPILER_INCLUDE_ALL_APPICON_ASSETS = NO;
				CODE_SIGN_ENTITLEMENTS = "Floating Camera/Floating_Camera.entitlements";
				CODE_SIGN_STYLE = Automatic;
				COMBINE_HIDPI_IMAGES = YES;
				CURRENT_PROJECT_VERSION = 1;
				DEAD_CODE_STRIPPING = YES;
				DEVELOPMENT_TEAM = 46WUYUUA8V;
				ENABLE_HARDENED_RUNTIME = YES;
				GENERATE_INFOPLIST_FILE = YES;
				INFOPLIST_KEY_LSApplicationCategoryType = "public.app-category.video";
				INFOPLIST_KEY_NSCameraUsageDescription = "The app main function is to provide a live feed from integrated Isight or connected camera, and thus requires camera usage authorization";
				INFOPLIST_KEY_NSHumanReadableCopyright = "2024 © Quet Almahdi Morris";
				INFOPLIST_KEY_NSPrincipalClass = NSApplication;
				LD_RUNPATH_SEARCH_PATHS = (
					"$(inherited)",
					"@executable_path/../Frameworks",
				);
				MACOSX_DEPLOYMENT_TARGET = 14.0;
				MARKETING_VERSION = september2024;
				PRODUCT_BUNDLE_IDENTIFIER = "com.oil3.Floating-Camera";
				PRODUCT_NAME = "$(TARGET_NAME)";
				SUPPORTED_PLATFORMS = macosx;
				SUPPORTS_MACCATALYST = NO;
				SWIFT_EMIT_LOC_STRINGS = YES;
				SWIFT_VERSION = 5.0;
			};
			name = Debug;
		};
		728A8FCD2B7DAD8F00E10802 /* Release */ = {
			isa = XCBuildConfiguration;
			buildSettings = {
				ASSETCATALOG_COMPILER_APPICON_NAME = AppIcon;
				ASSETCATALOG_COMPILER_GLOBAL_ACCENT_COLOR_NAME = AccentColor;
				ASSETCATALOG_COMPILER_INCLUDE_ALL_APPICON_ASSETS = NO;
				CODE_SIGN_ENTITLEMENTS = "Floating Camera/Floating_Camera.entitlements";
				CODE_SIGN_STYLE = Automatic;
				COMBINE_HIDPI_IMAGES = YES;
				CURRENT_PROJECT_VERSION = 1;
				DEAD_CODE_STRIPPING = YES;
				DEVELOPMENT_TEAM = 46WUYUUA8V;
				ENABLE_HARDENED_RUNTIME = YES;
				GENERATE_INFOPLIST_FILE = YES;
				INFOPLIST_KEY_LSApplicationCategoryType = "public.app-category.video";
				INFOPLIST_KEY_NSCameraUsageDescription = "The app main function is to provide a live feed from integrated Isight or connected camera, and thus requires camera usage authorization";
				INFOPLIST_KEY_NSHumanReadableCopyright = "2024 © Quet Almahdi Morris";
				INFOPLIST_KEY_NSPrincipalClass = NSApplication;
				LD_RUNPATH_SEARCH_PATHS = (
					"$(inherited)",
					"@executable_path/../Frameworks",
				);
				MACOSX_DEPLOYMENT_TARGET = 14.0;
				MARKETING_VERSION = september2024;
				PRODUCT_BUNDLE_IDENTIFIER = "com.oil3.Floating-Camera";
				PRODUCT_NAME = "$(TARGET_NAME)";
				SUPPORTED_PLATFORMS = macosx;
				SUPPORTS_MACCATALYST = NO;
				SWIFT_EMIT_LOC_STRINGS = YES;
				SWIFT_VERSION = 5.0;
			};
			name = Release;
		};
/* End XCBuildConfiguration section */

/* Begin XCConfigurationList section */
		34089B402C02881C006130E1 /* Build configuration list for PBXNativeTarget "CamML" */ = {
			isa = XCConfigurationList;
			buildConfigurations = (
				34089B412C02881C006130E1 /* Debug */,
				34089B422C02881C006130E1 /* Release */,
			);
			defaultConfigurationIsVisible = 0;
			defaultConfigurationName = Release;
		};
		34E6319C2BDA538000BFA742 /* Build configuration list for PBXNativeTarget "Machine Security System" */ = {
			isa = XCConfigurationList;
			buildConfigurations = (
				34E631962BDA538000BFA742 /* Debug */,
				34E631972BDA538000BFA742 /* Release */,
			);
			defaultConfigurationIsVisible = 0;
			defaultConfigurationName = Release;
		};
		728A8FB72B7DAD8D00E10802 /* Build configuration list for PBXProject "Floating Camera" */ = {
			isa = XCConfigurationList;
			buildConfigurations = (
				728A8FC92B7DAD8F00E10802 /* Debug */,
				728A8FCA2B7DAD8F00E10802 /* Release */,
			);
			defaultConfigurationIsVisible = 0;
			defaultConfigurationName = Release;
		};
		728A8FCB2B7DAD8F00E10802 /* Build configuration list for PBXNativeTarget "Floating Camera" */ = {
			isa = XCConfigurationList;
			buildConfigurations = (
				728A8FCC2B7DAD8F00E10802 /* Debug */,
				728A8FCD2B7DAD8F00E10802 /* Release */,
			);
			defaultConfigurationIsVisible = 0;
			defaultConfigurationName = Release;
		};
/* End XCConfigurationList section */
	};
	rootObject = 728A8FB42B7DAD8D00E10802 /* Project object */;
}
